
Microsoft Visual Studio Solution File, Format Version 12.00
# Visual Studio Version 17
VisualStudioVersion = 17.11.35208.52
MinimumVisualStudioVersion = 10.0.40219.1
Project("{FAE04EC0-301F-11D3-BF4B-00C04F79EFBC}") = "EFDataBaseFirst", "EFDataBaseFirst\EFDataBaseFirst.csproj", "{EB021DD9-B351-4378-88FF-587CB04A5E25}"
EndProject
Global
	GlobalSection(SolutionConfigurationPlatforms) = preSolution
		Debug|Any CPU = Debug|Any CPU
		Release|Any CPU = Release|Any CPU
	EndGlobalSection
	GlobalSection(ProjectConfigurationPlatforms) = postSolution
		{EB021DD9-B351-4378-88FF-587CB04A5E25}.Debug|Any CPU.ActiveCfg = Debug|Any CPU
		{EB021DD9-B351-4378-88FF-587CB04A5E25}.Debug|Any CPU.Build.0 = Debug|Any CPU
		{EB021DD9-B351-4378-88FF-587CB04A5E25}.Release|Any CPU.ActiveCfg = Release|Any CPU
		{EB021DD9-B351-4378-88FF-587CB04A5E25}.Release|Any CPU.Build.0 = Release|Any CPU
	EndGlobalSection
	GlobalSection(SolutionProperties) = preSolution
		HideSolutionNode = FALSE
	EndGlobalSection
	GlobalSection(ExtensibilityGlobals) = postSolution
		SolutionGuid = {F7A2E382-CB0F-4EA1-B552-654B5A5D5590}
	EndGlobalSection
EndGlobal
